
Microsoft Visual Studio Solution File, Format Version 12.00
# Visual Studio Version 17
VisualStudioVersion = 17.3.32922.545
MinimumVisualStudioVersion = 10.0.40219.1
Project("{9A19103F-16F7-4668-BE54-9A1E7A4F7556}") = "AleRoe.HomematicIpApi", "AleRoe.HomematicIPApi\AleRoe.HomematicIpApi.csproj", "{A6707E5D-E779-43CA-99EE-68EE91506227}"
EndProject
Project("{9A19103F-16F7-4668-BE54-9A1E7A4F7556}") = "AleRoe.HomematicIpApi.Tests", "AleRoe.HomematicIPApi.Tests\AleRoe.HomematicIpApi.Tests.csproj", "{1595BBAD-D450-43D3-B2C6-8523E865F690}"
EndProject
Global
	GlobalSection(SolutionConfigurationPlatforms) = preSolution
		Debug|Any CPU = Debug|Any CPU
		Release|Any CPU = Release|Any CPU
	EndGlobalSection
	GlobalSection(ProjectConfigurationPlatforms) = postSolution
		{A6707E5D-E779-43CA-99EE-68EE91506227}.Debug|Any CPU.ActiveCfg = Debug|Any CPU
		{A6707E5D-E779-43CA-99EE-68EE91506227}.Debug|Any CPU.Build.0 = Debug|Any CPU
		{A6707E5D-E779-43CA-99EE-68EE91506227}.Release|Any CPU.ActiveCfg = Release|Any CPU
		{A6707E5D-E779-43CA-99EE-68EE91506227}.Release|Any CPU.Build.0 = Release|Any CPU
		{1595BBAD-D450-43D3-B2C6-8523E865F690}.Debug|Any CPU.ActiveCfg = Debug|Any CPU
		{1595BBAD-D450-43D3-B2C6-8523E865F690}.Debug|Any CPU.Build.0 = Debug|Any CPU
		{1595BBAD-D450-43D3-B2C6-8523E865F690}.Release|Any CPU.ActiveCfg = Release|Any CPU
		{1595BBAD-D450-43D3-B2C6-8523E865F690}.Release|Any CPU.Build.0 = Release|Any CPU
	EndGlobalSection
	GlobalSection(SolutionProperties) = preSolution
		HideSolutionNode = FALSE
	EndGlobalSection
	GlobalSection(ExtensibilityGlobals) = postSolution
		SolutionGuid = {18DF7D41-7DA0-4825-B3B4-13AF5F496D33}
	EndGlobalSection
EndGlobal
